
Microsoft Visual Studio Solution File, Format Version 12.00
# Visual Studio Version 16
VisualStudioVersion = 16.0.32510.428
MinimumVisualStudioVersion = 10.0.40219.1
Project("{FAE04EC0-301F-11D3-BF4B-00C04F79EFBC}") = "uri1016", "uri1016\uri1016.csproj", "{63CDC9F6-E1EA-432D-8027-071FED746F05}"
EndProject
Global
	GlobalSection(SolutionConfigurationPlatforms) = preSolution
		Debug|Any CPU = Debug|Any CPU
		Release|Any CPU = Release|Any CPU
	EndGlobalSection
	GlobalSection(ProjectConfigurationPlatforms) = postSolution
		{63CDC9F6-E1EA-432D-8027-071FED746F05}.Debug|Any CPU.ActiveCfg = Debug|Any CPU
		{63CDC9F6-E1EA-432D-8027-071FED746F05}.Debug|Any CPU.Build.0 = Debug|Any CPU
		{63CDC9F6-E1EA-432D-8027-071FED746F05}.Release|Any CPU.ActiveCfg = Release|Any CPU
		{63CDC9F6-E1EA-432D-8027-071FED746F05}.Release|Any CPU.Build.0 = Release|Any CPU
	EndGlobalSection
	GlobalSection(SolutionProperties) = preSolution
		HideSolutionNode = FALSE
	EndGlobalSection
	GlobalSection(ExtensibilityGlobals) = postSolution
		SolutionGuid = {BA167880-1F0D-4986-ACC8-7AE7DEFD330F}
	EndGlobalSection
EndGlobal
