
Microsoft Visual Studio Solution File, Format Version 12.00
# Visual Studio Version 16
VisualStudioVersion = 16.0.32510.428
MinimumVisualStudioVersion = 10.0.40219.1
Project("{FAE04EC0-301F-11D3-BF4B-00C04F79EFBC}") = "uri1010", "uri1010\uri1010.csproj", "{7EFBFA8C-0F36-48BD-9EEA-EB01D90C8501}"
EndProject
Global
	GlobalSection(SolutionConfigurationPlatforms) = preSolution
		Debug|Any CPU = Debug|Any CPU
		Release|Any CPU = Release|Any CPU
	EndGlobalSection
	GlobalSection(ProjectConfigurationPlatforms) = postSolution
		{7EFBFA8C-0F36-48BD-9EEA-EB01D90C8501}.Debug|Any CPU.ActiveCfg = Debug|Any CPU
		{7EFBFA8C-0F36-48BD-9EEA-EB01D90C8501}.Debug|Any CPU.Build.0 = Debug|Any CPU
		{7EFBFA8C-0F36-48BD-9EEA-EB01D90C8501}.Release|Any CPU.ActiveCfg = Release|Any CPU
		{7EFBFA8C-0F36-48BD-9EEA-EB01D90C8501}.Release|Any CPU.Build.0 = Release|Any CPU
	EndGlobalSection
	GlobalSection(SolutionProperties) = preSolution
		HideSolutionNode = FALSE
	EndGlobalSection
	GlobalSection(ExtensibilityGlobals) = postSolution
		SolutionGuid = {C5B6B4ED-B843-4639-A3B6-8079FE3023ED}
	EndGlobalSection
EndGlobal
