
Microsoft Visual Studio Solution File, Format Version 12.00
# Visual Studio Version 16
VisualStudioVersion = 16.0.32510.428
MinimumVisualStudioVersion = 10.0.40219.1
Project("{FAE04EC0-301F-11D3-BF4B-00C04F79EFBC}") = "uri1012", "uri1012\uri1012.csproj", "{F3CD03D9-A4A5-494B-A4C7-33AF8ECC14C6}"
EndProject
Global
	GlobalSection(SolutionConfigurationPlatforms) = preSolution
		Debug|Any CPU = Debug|Any CPU
		Release|Any CPU = Release|Any CPU
	EndGlobalSection
	GlobalSection(ProjectConfigurationPlatforms) = postSolution
		{F3CD03D9-A4A5-494B-A4C7-33AF8ECC14C6}.Debug|Any CPU.ActiveCfg = Debug|Any CPU
		{F3CD03D9-A4A5-494B-A4C7-33AF8ECC14C6}.Debug|Any CPU.Build.0 = Debug|Any CPU
		{F3CD03D9-A4A5-494B-A4C7-33AF8ECC14C6}.Release|Any CPU.ActiveCfg = Release|Any CPU
		{F3CD03D9-A4A5-494B-A4C7-33AF8ECC14C6}.Release|Any CPU.Build.0 = Release|Any CPU
	EndGlobalSection
	GlobalSection(SolutionProperties) = preSolution
		HideSolutionNode = FALSE
	EndGlobalSection
	GlobalSection(ExtensibilityGlobals) = postSolution
		SolutionGuid = {4E052A2E-BB40-410F-AA71-88959A62C3C8}
	EndGlobalSection
EndGlobal
