
Microsoft Visual Studio Solution File, Format Version 12.00
# Visual Studio Version 16
VisualStudioVersion = 16.0.32510.428
MinimumVisualStudioVersion = 10.0.40219.1
Project("{FAE04EC0-301F-11D3-BF4B-00C04F79EFBC}") = "uri1035", "uri1035\uri1035.csproj", "{A8899781-F4EA-4A70-9967-23FF3C394A33}"
EndProject
Global
	GlobalSection(SolutionConfigurationPlatforms) = preSolution
		Debug|Any CPU = Debug|Any CPU
		Release|Any CPU = Release|Any CPU
	EndGlobalSection
	GlobalSection(ProjectConfigurationPlatforms) = postSolution
		{A8899781-F4EA-4A70-9967-23FF3C394A33}.Debug|Any CPU.ActiveCfg = Debug|Any CPU
		{A8899781-F4EA-4A70-9967-23FF3C394A33}.Debug|Any CPU.Build.0 = Debug|Any CPU
		{A8899781-F4EA-4A70-9967-23FF3C394A33}.Release|Any CPU.ActiveCfg = Release|Any CPU
		{A8899781-F4EA-4A70-9967-23FF3C394A33}.Release|Any CPU.Build.0 = Release|Any CPU
	EndGlobalSection
	GlobalSection(SolutionProperties) = preSolution
		HideSolutionNode = FALSE
	EndGlobalSection
	GlobalSection(ExtensibilityGlobals) = postSolution
		SolutionGuid = {52AD03D9-631F-46DA-83AB-AC944A90DE05}
	EndGlobalSection
EndGlobal
