
Microsoft Visual Studio Solution File, Format Version 12.00
# Visual Studio Version 16
VisualStudioVersion = 16.0.32510.428
MinimumVisualStudioVersion = 10.0.40219.1
Project("{FAE04EC0-301F-11D3-BF4B-00C04F79EFBC}") = "vetor4", "vetor4\vetor4.csproj", "{293FCF92-BE6B-4946-9BEF-94563919C394}"
EndProject
Global
	GlobalSection(SolutionConfigurationPlatforms) = preSolution
		Debug|Any CPU = Debug|Any CPU
		Release|Any CPU = Release|Any CPU
	EndGlobalSection
	GlobalSection(ProjectConfigurationPlatforms) = postSolution
		{293FCF92-BE6B-4946-9BEF-94563919C394}.Debug|Any CPU.ActiveCfg = Debug|Any CPU
		{293FCF92-BE6B-4946-9BEF-94563919C394}.Debug|Any CPU.Build.0 = Debug|Any CPU
		{293FCF92-BE6B-4946-9BEF-94563919C394}.Release|Any CPU.ActiveCfg = Release|Any CPU
		{293FCF92-BE6B-4946-9BEF-94563919C394}.Release|Any CPU.Build.0 = Release|Any CPU
	EndGlobalSection
	GlobalSection(SolutionProperties) = preSolution
		HideSolutionNode = FALSE
	EndGlobalSection
	GlobalSection(ExtensibilityGlobals) = postSolution
		SolutionGuid = {C72C500B-4C60-4A4D-A915-29B248437DE7}
	EndGlobalSection
EndGlobal
