
Microsoft Visual Studio Solution File, Format Version 12.00
# Visual Studio Version 16
VisualStudioVersion = 16.0.32510.428
MinimumVisualStudioVersion = 10.0.40219.1
Project("{FAE04EC0-301F-11D3-BF4B-00C04F79EFBC}") = "vetor1", "vetor1\vetor1.csproj", "{F7E058AA-F07F-4377-B392-FD4A608D1EE2}"
EndProject
Global
	GlobalSection(SolutionConfigurationPlatforms) = preSolution
		Debug|Any CPU = Debug|Any CPU
		Release|Any CPU = Release|Any CPU
	EndGlobalSection
	GlobalSection(ProjectConfigurationPlatforms) = postSolution
		{F7E058AA-F07F-4377-B392-FD4A608D1EE2}.Debug|Any CPU.ActiveCfg = Debug|Any CPU
		{F7E058AA-F07F-4377-B392-FD4A608D1EE2}.Debug|Any CPU.Build.0 = Debug|Any CPU
		{F7E058AA-F07F-4377-B392-FD4A608D1EE2}.Release|Any CPU.ActiveCfg = Release|Any CPU
		{F7E058AA-F07F-4377-B392-FD4A608D1EE2}.Release|Any CPU.Build.0 = Release|Any CPU
	EndGlobalSection
	GlobalSection(SolutionProperties) = preSolution
		HideSolutionNode = FALSE
	EndGlobalSection
	GlobalSection(ExtensibilityGlobals) = postSolution
		SolutionGuid = {FAE549B8-7089-4EC9-AC4B-7AE825EBCA2C}
	EndGlobalSection
EndGlobal
